
Microsoft Visual Studio Solution File, Format Version 12.00
# Visual Studio Version 16
VisualStudioVersion = 16.0.29806.167
MinimumVisualStudioVersion = 10.0.40219.1
Project("{FAE04EC0-301F-11D3-BF4B-00C04F79EFBC}") = "PhaseIII", "PhaseIII\PhaseIII.csproj", "{6DB04D1B-7374-4379-8065-A188A8E046DC}"
EndProject
Global
	GlobalSection(SolutionConfigurationPlatforms) = preSolution
		Debug|Any CPU = Debug|Any CPU
		Release|Any CPU = Release|Any CPU
	EndGlobalSection
	GlobalSection(ProjectConfigurationPlatforms) = postSolution
		{6DB04D1B-7374-4379-8065-A188A8E046DC}.Debug|Any CPU.ActiveCfg = Debug|Any CPU
		{6DB04D1B-7374-4379-8065-A188A8E046DC}.Debug|Any CPU.Build.0 = Debug|Any CPU
		{6DB04D1B-7374-4379-8065-A188A8E046DC}.Release|Any CPU.ActiveCfg = Release|Any CPU
		{6DB04D1B-7374-4379-8065-A188A8E046DC}.Release|Any CPU.Build.0 = Release|Any CPU
	EndGlobalSection
	GlobalSection(SolutionProperties) = preSolution
		HideSolutionNode = FALSE
	EndGlobalSection
	GlobalSection(ExtensibilityGlobals) = postSolution
		SolutionGuid = {548C6CF3-3C35-467E-93A1-27C21F88223C}
	EndGlobalSection
EndGlobal
